# This file is automatically @generated by Cargo.
# It is not intended for manual editing.
[[package]]
name = "dimacs-color"
version = "0.1.0"
dependencies = [
 "dimacs-graph",
]

[[package]]
name = "dimacs-graph"
version = "0.1.0"
source = "git+http://github.com/BartMassey/dimacs-graph?branch=main#94935cf3c48cdfd5da397121a62b9ae5f581f9c9"
