# This file is automatically @generated by Cargo.
# It is not intended for manual editing.
[[package]]
name = "dimacs-color"
version = "0.1.0"
dependencies = [
 "dimacs-graph",
]

[[package]]
name = "dimacs-graph"
version = "0.1.0"
source = "git+http://github.com/BartMassey/dimacs-graph?branch=main#810ca39024050d64ab2a5b0bf37a17254f121192"
